
Microsoft Visual Studio Solution File, Format Version 12.00
# Visual Studio Version 17
VisualStudioVersion = 17.2.32526.322
MinimumVisualStudioVersion = 10.0.40219.1
Project("{FAE04EC0-301F-11D3-BF4B-00C04F79EFBC}") = "communal", "communal\communal.csproj", "{0FB2D2AB-99A2-449B-8CB2-545E1A5D48C8}"
EndProject
Global
	GlobalSection(SolutionConfigurationPlatforms) = preSolution
		Debug|Any CPU = Debug|Any CPU
		Release|Any CPU = Release|Any CPU
	EndGlobalSection
	GlobalSection(ProjectConfigurationPlatforms) = postSolution
		{0FB2D2AB-99A2-449B-8CB2-545E1A5D48C8}.Debug|Any CPU.ActiveCfg = Debug|Any CPU
		{0FB2D2AB-99A2-449B-8CB2-545E1A5D48C8}.Debug|Any CPU.Build.0 = Debug|Any CPU
		{0FB2D2AB-99A2-449B-8CB2-545E1A5D48C8}.Release|Any CPU.ActiveCfg = Release|Any CPU
		{0FB2D2AB-99A2-449B-8CB2-545E1A5D48C8}.Release|Any CPU.Build.0 = Release|Any CPU
	EndGlobalSection
	GlobalSection(SolutionProperties) = preSolution
		HideSolutionNode = FALSE
	EndGlobalSection
	GlobalSection(ExtensibilityGlobals) = postSolution
		SolutionGuid = {7B4997E2-0058-425E-9080-32DDFFBB5BE0}
	EndGlobalSection
EndGlobal
